
Microsoft Visual Studio Solution File, Format Version 12.00
# Visual Studio Version 17
VisualStudioVersion = 17.5.33516.290
MinimumVisualStudioVersion = 10.0.40219.1
Project("{FAE04EC0-301F-11D3-BF4B-00C04F79EFBC}") = "api-rest-dotnet", "api-rest-dotnet\api-rest-dotnet.csproj", "{DD650F1F-F3E8-4497-81C3-80E68B41A3BA}"
EndProject
Global
	GlobalSection(SolutionConfigurationPlatforms) = preSolution
		Debug|Any CPU = Debug|Any CPU
		Release|Any CPU = Release|Any CPU
	EndGlobalSection
	GlobalSection(ProjectConfigurationPlatforms) = postSolution
		{DD650F1F-F3E8-4497-81C3-80E68B41A3BA}.Debug|Any CPU.ActiveCfg = Debug|Any CPU
		{DD650F1F-F3E8-4497-81C3-80E68B41A3BA}.Debug|Any CPU.Build.0 = Debug|Any CPU
		{DD650F1F-F3E8-4497-81C3-80E68B41A3BA}.Release|Any CPU.ActiveCfg = Release|Any CPU
		{DD650F1F-F3E8-4497-81C3-80E68B41A3BA}.Release|Any CPU.Build.0 = Release|Any CPU
	EndGlobalSection
	GlobalSection(SolutionProperties) = preSolution
		HideSolutionNode = FALSE
	EndGlobalSection
	GlobalSection(ExtensibilityGlobals) = postSolution
		SolutionGuid = {9ECCA4CE-44FC-4D3B-81ED-E17E59DBF65C}
	EndGlobalSection
EndGlobal
